
Microsoft Visual Studio Solution File, Format Version 12.00
# Visual Studio Version 16
VisualStudioVersion = 16.0.30517.126
MinimumVisualStudioVersion = 10.0.40219.1
Project("{8BC9CEB8-8B4A-11D0-8D11-00A0C91BC942}") = "IsogramFinder", "IsogramFinder\IsogramFinder.vcxproj", "{F237D08D-3673-47F9-B1E5-88F2EB3CA713}"
EndProject
Global
	GlobalSection(SolutionConfigurationPlatforms) = preSolution
		Debug|x64 = Debug|x64
		Debug|x86 = Debug|x86
		Release|x64 = Release|x64
		Release|x86 = Release|x86
	EndGlobalSection
	GlobalSection(ProjectConfigurationPlatforms) = postSolution
		{F237D08D-3673-47F9-B1E5-88F2EB3CA713}.Debug|x64.ActiveCfg = Debug|x64
		{F237D08D-3673-47F9-B1E5-88F2EB3CA713}.Debug|x64.Build.0 = Debug|x64
		{F237D08D-3673-47F9-B1E5-88F2EB3CA713}.Debug|x86.ActiveCfg = Debug|Win32
		{F237D08D-3673-47F9-B1E5-88F2EB3CA713}.Debug|x86.Build.0 = Debug|Win32
		{F237D08D-3673-47F9-B1E5-88F2EB3CA713}.Release|x64.ActiveCfg = Release|x64
		{F237D08D-3673-47F9-B1E5-88F2EB3CA713}.Release|x64.Build.0 = Release|x64
		{F237D08D-3673-47F9-B1E5-88F2EB3CA713}.Release|x86.ActiveCfg = Release|Win32
		{F237D08D-3673-47F9-B1E5-88F2EB3CA713}.Release|x86.Build.0 = Release|Win32
	EndGlobalSection
	GlobalSection(SolutionProperties) = preSolution
		HideSolutionNode = FALSE
	EndGlobalSection
	GlobalSection(ExtensibilityGlobals) = postSolution
		SolutionGuid = {062F12DC-97A0-4579-BAC5-96213EFC2B63}
	EndGlobalSection
EndGlobal
